{
  "requires": true,
  "lockfileVersion": 1,
  "dependencies": {
    "@kurkle/color": {
      "version": "0.1.9",
      "resolved": "https://registry.npmjs.org/@kurkle/color/-/color-0.1.9.tgz",
      "integrity": "sha512-K3Aul4Ct6O48yWw0/az5rqk2K76oNXXX3Su32Xkh4SfMFvPt0QEkq0Q6+3icE5S3U2c88WAuq3Vh1Iaz4aUH+w=="
    }
  },
  "type": "module"
}
